// !$*UTF8*$!
{
	archiveVersion = 1;
	classes = {
	};
	objectVersion = 46;
	objects = {

/* Begin PBXAggregateTarget section */
		"NigoHelpUtil::NigoHelpUtilPackageTests::ProductTarget" /* NigoHelpUtilPackageTests */ = {
			isa = PBXAggregateTarget;
			buildConfigurationList = OBJ_31 /* Build configuration list for PBXAggregateTarget "NigoHelpUtilPackageTests" */;
			buildPhases = (
			);
			dependencies = (
				OBJ_34 /* PBXTargetDependency */,
			);
			name = NigoHelpUtilPackageTests;
			productName = NigoHelpUtilPackageTests;
		};
/* End PBXAggregateTarget section */

/* Begin PBXBuildFile section */
		1A5CF37F250235E90095401B /* AppDelegate.swift in Sources */ = {isa = PBXBuildFile; fileRef = 1A5CF37E250235E90095401B /* AppDelegate.swift */; };
		1A5CF381250235E90095401B /* SceneDelegate.swift in Sources */ = {isa = PBXBuildFile; fileRef = 1A5CF380250235E90095401B /* SceneDelegate.swift */; };
		1A5CF383250235E90095401B /* ViewController.swift in Sources */ = {isa = PBXBuildFile; fileRef = 1A5CF382250235E90095401B /* ViewController.swift */; };
		1A5CF386250235E90095401B /* Main.storyboard in Resources */ = {isa = PBXBuildFile; fileRef = 1A5CF384250235E90095401B /* Main.storyboard */; };
		1A5CF388250235EC0095401B /* Assets.xcassets in Resources */ = {isa = PBXBuildFile; fileRef = 1A5CF387250235EC0095401B /* Assets.xcassets */; };
		1A5CF38B250235EC0095401B /* LaunchScreen.storyboard in Resources */ = {isa = PBXBuildFile; fileRef = 1A5CF389250235EC0095401B /* LaunchScreen.storyboard */; };
		1A5CF391250235FE0095401B /* NigoHelpUtil.framework in Frameworks */ = {isa = PBXBuildFile; fileRef = "NigoHelpUtil::NigoHelpUtil::Product" /* NigoHelpUtil.framework */; };
		1A5CF3B825023D130095401B /* Date+Util.swift in Sources */ = {isa = PBXBuildFile; fileRef = 1A5CF3AC25023D120095401B /* Date+Util.swift */; };
		1A5CF3B925023D130095401B /* UIApplication+Util.swift in Sources */ = {isa = PBXBuildFile; fileRef = 1A5CF3AD25023D120095401B /* UIApplication+Util.swift */; };
		1A5CF3BA25023D130095401B /* Number+Util.swift in Sources */ = {isa = PBXBuildFile; fileRef = 1A5CF3AE25023D120095401B /* Number+Util.swift */; };
		1A5CF3BB25023D130095401B /* NigoHelpUtil.swift in Sources */ = {isa = PBXBuildFile; fileRef = 1A5CF3B025023D120095401B /* NigoHelpUtil.swift */; };
		1A5CF3BC25023D130095401B /* UIColor+Util.swift in Sources */ = {isa = PBXBuildFile; fileRef = 1A5CF3B125023D120095401B /* UIColor+Util.swift */; };
		1A5CF3BD25023D130095401B /* UIDevice+Info.swift in Sources */ = {isa = PBXBuildFile; fileRef = 1A5CF3B225023D120095401B /* UIDevice+Info.swift */; };
		1A5CF3BE25023D130095401B /* UIView+AnimationUtil.swift in Sources */ = {isa = PBXBuildFile; fileRef = 1A5CF3B325023D120095401B /* UIView+AnimationUtil.swift */; };
		1A5CF3BF25023D130095401B /* UIView+IB.swift in Sources */ = {isa = PBXBuildFile; fileRef = 1A5CF3B425023D120095401B /* UIView+IB.swift */; };
		1A5CF3C025023D130095401B /* UIImage+Util.swift in Sources */ = {isa = PBXBuildFile; fileRef = 1A5CF3B525023D120095401B /* UIImage+Util.swift */; };
		1A5CF3C125023D130095401B /* String+Util.swift in Sources */ = {isa = PBXBuildFile; fileRef = 1A5CF3B625023D130095401B /* String+Util.swift */; };
		1A5CF3C225023D130095401B /* NSObject+AssociatedUtil.swift in Sources */ = {isa = PBXBuildFile; fileRef = 1A5CF3B725023D130095401B /* NSObject+AssociatedUtil.swift */; };
		OBJ_29 /* Package.swift in Sources */ = {isa = PBXBuildFile; fileRef = OBJ_6 /* Package.swift */; };
		OBJ_40 /* NigoHelpUtilTests.swift in Sources */ = {isa = PBXBuildFile; fileRef = OBJ_12 /* NigoHelpUtilTests.swift */; };
		OBJ_41 /* XCTestManifests.swift in Sources */ = {isa = PBXBuildFile; fileRef = OBJ_13 /* XCTestManifests.swift */; };
		OBJ_43 /* NigoHelpUtil.framework in Frameworks */ = {isa = PBXBuildFile; fileRef = "NigoHelpUtil::NigoHelpUtil::Product" /* NigoHelpUtil.framework */; };
/* End PBXBuildFile section */

/* Begin PBXContainerItemProxy section */
		1A5CF376250235A80095401B /* PBXContainerItemProxy */ = {
			isa = PBXContainerItemProxy;
			containerPortal = OBJ_1 /* Project object */;
			proxyType = 1;
			remoteGlobalIDString = "NigoHelpUtil::NigoHelpUtil";
			remoteInfo = NigoHelpUtil;
		};
		1A5CF377250235A90095401B /* PBXContainerItemProxy */ = {
			isa = PBXContainerItemProxy;
			containerPortal = OBJ_1 /* Project object */;
			proxyType = 1;
			remoteGlobalIDString = "NigoHelpUtil::NigoHelpUtilTests";
			remoteInfo = NigoHelpUtilTests;
		};
		1A5CF393250235FE0095401B /* PBXContainerItemProxy */ = {
			isa = PBXContainerItemProxy;
			containerPortal = OBJ_1 /* Project object */;
			proxyType = 1;
			remoteGlobalIDString = "NigoHelpUtil::NigoHelpUtil";
			remoteInfo = NigoHelpUtil;
		};
/* End PBXContainerItemProxy section */

/* Begin PBXFileReference section */
		1A5CF37C250235E90095401B /* Demo.app */ = {isa = PBXFileReference; explicitFileType = wrapper.application; includeInIndex = 0; path = Demo.app; sourceTree = BUILT_PRODUCTS_DIR; };
		1A5CF37E250235E90095401B /* AppDelegate.swift */ = {isa = PBXFileReference; lastKnownFileType = sourcecode.swift; path = AppDelegate.swift; sourceTree = "<group>"; };
		1A5CF380250235E90095401B /* SceneDelegate.swift */ = {isa = PBXFileReference; lastKnownFileType = sourcecode.swift; path = SceneDelegate.swift; sourceTree = "<group>"; };
		1A5CF382250235E90095401B /* ViewController.swift */ = {isa = PBXFileReference; lastKnownFileType = sourcecode.swift; path = ViewController.swift; sourceTree = "<group>"; };
		1A5CF385250235E90095401B /* Base */ = {isa = PBXFileReference; lastKnownFileType = file.storyboard; name = Base; path = Base.lproj/Main.storyboard; sourceTree = "<group>"; };
		1A5CF387250235EC0095401B /* Assets.xcassets */ = {isa = PBXFileReference; lastKnownFileType = folder.assetcatalog; path = Assets.xcassets; sourceTree = "<group>"; };
		1A5CF38A250235EC0095401B /* Base */ = {isa = PBXFileReference; lastKnownFileType = file.storyboard; name = Base; path = Base.lproj/LaunchScreen.storyboard; sourceTree = "<group>"; };
		1A5CF38C250235EC0095401B /* Info.plist */ = {isa = PBXFileReference; lastKnownFileType = text.plist.xml; path = Info.plist; sourceTree = "<group>"; };
		1A5CF3AC25023D120095401B /* Date+Util.swift */ = {isa = PBXFileReference; fileEncoding = 4; lastKnownFileType = sourcecode.swift; name = "Date+Util.swift"; path = "Sources/Date+Util.swift"; sourceTree = "<group>"; };
		1A5CF3AD25023D120095401B /* UIApplication+Util.swift */ = {isa = PBXFileReference; fileEncoding = 4; lastKnownFileType = sourcecode.swift; name = "UIApplication+Util.swift"; path = "Sources/UIApplication+Util.swift"; sourceTree = "<group>"; };
		1A5CF3AE25023D120095401B /* Number+Util.swift */ = {isa = PBXFileReference; fileEncoding = 4; lastKnownFileType = sourcecode.swift; name = "Number+Util.swift"; path = "Sources/Number+Util.swift"; sourceTree = "<group>"; };
		1A5CF3B025023D120095401B /* NigoHelpUtil.swift */ = {isa = PBXFileReference; fileEncoding = 4; lastKnownFileType = sourcecode.swift; path = NigoHelpUtil.swift; sourceTree = "<group>"; };
		1A5CF3B125023D120095401B /* UIColor+Util.swift */ = {isa = PBXFileReference; fileEncoding = 4; lastKnownFileType = sourcecode.swift; name = "UIColor+Util.swift"; path = "Sources/UIColor+Util.swift"; sourceTree = "<group>"; };
		1A5CF3B225023D120095401B /* UIDevice+Info.swift */ = {isa = PBXFileReference; fileEncoding = 4; lastKnownFileType = sourcecode.swift; name = "UIDevice+Info.swift"; path = "Sources/UIDevice+Info.swift"; sourceTree = "<group>"; };
		1A5CF3B325023D120095401B /* UIView+AnimationUtil.swift */ = {isa = PBXFileReference; fileEncoding = 4; lastKnownFileType = sourcecode.swift; name = "UIView+AnimationUtil.swift"; path = "Sources/UIView+AnimationUtil.swift"; sourceTree = "<group>"; };
		1A5CF3B425023D120095401B /* UIView+IB.swift */ = {isa = PBXFileReference; fileEncoding = 4; lastKnownFileType = sourcecode.swift; name = "UIView+IB.swift"; path = "Sources/UIView+IB.swift"; sourceTree = "<group>"; };
		1A5CF3B525023D120095401B /* UIImage+Util.swift */ = {isa = PBXFileReference; fileEncoding = 4; lastKnownFileType = sourcecode.swift; name = "UIImage+Util.swift"; path = "Sources/UIImage+Util.swift"; sourceTree = "<group>"; };
		1A5CF3B625023D130095401B /* String+Util.swift */ = {isa = PBXFileReference; fileEncoding = 4; lastKnownFileType = sourcecode.swift; name = "String+Util.swift"; path = "Sources/String+Util.swift"; sourceTree = "<group>"; };
		1A5CF3B725023D130095401B /* NSObject+AssociatedUtil.swift */ = {isa = PBXFileReference; fileEncoding = 4; lastKnownFileType = sourcecode.swift; name = "NSObject+AssociatedUtil.swift"; path = "Sources/NSObject+AssociatedUtil.swift"; sourceTree = "<group>"; };
		"NigoHelpUtil::NigoHelpUtil::Product" /* NigoHelpUtil.framework */ = {isa = PBXFileReference; explicitFileType = wrapper.framework; path = NigoHelpUtil.framework; sourceTree = BUILT_PRODUCTS_DIR; };
		"NigoHelpUtil::NigoHelpUtilTests::Product" /* NigoHelpUtilTests.xctest */ = {isa = PBXFileReference; explicitFileType = wrapper.cfbundle; path = NigoHelpUtilTests.xctest; sourceTree = BUILT_PRODUCTS_DIR; };
		OBJ_12 /* NigoHelpUtilTests.swift */ = {isa = PBXFileReference; lastKnownFileType = sourcecode.swift; path = NigoHelpUtilTests.swift; sourceTree = "<group>"; };
		OBJ_13 /* XCTestManifests.swift */ = {isa = PBXFileReference; lastKnownFileType = sourcecode.swift; path = XCTestManifests.swift; sourceTree = "<group>"; };
		OBJ_6 /* Package.swift */ = {isa = PBXFileReference; explicitFileType = sourcecode.swift; path = Package.swift; sourceTree = "<group>"; };
/* End PBXFileReference section */

/* Begin PBXFrameworksBuildPhase section */
		1A5CF379250235E90095401B /* Frameworks */ = {
			isa = PBXFrameworksBuildPhase;
			buildActionMask = 2147483647;
			files = (
				1A5CF391250235FE0095401B /* NigoHelpUtil.framework in Frameworks */,
			);
			runOnlyForDeploymentPostprocessing = 0;
		};
		OBJ_23 /* Frameworks */ = {
			isa = PBXFrameworksBuildPhase;
			buildActionMask = 0;
			files = (
			);
			runOnlyForDeploymentPostprocessing = 0;
		};
		OBJ_42 /* Frameworks */ = {
			isa = PBXFrameworksBuildPhase;
			buildActionMask = 0;
			files = (
				OBJ_43 /* NigoHelpUtil.framework in Frameworks */,
			);
			runOnlyForDeploymentPostprocessing = 0;
		};
/* End PBXFrameworksBuildPhase section */

/* Begin PBXGroup section */
		1A5CF37D250235E90095401B /* Demo */ = {
			isa = PBXGroup;
			children = (
				1A5CF37E250235E90095401B /* AppDelegate.swift */,
				1A5CF380250235E90095401B /* SceneDelegate.swift */,
				1A5CF382250235E90095401B /* ViewController.swift */,
				1A5CF384250235E90095401B /* Main.storyboard */,
				1A5CF387250235EC0095401B /* Assets.xcassets */,
				1A5CF389250235EC0095401B /* LaunchScreen.storyboard */,
				1A5CF38C250235EC0095401B /* Info.plist */,
			);
			path = Demo;
			sourceTree = "<group>";
		};
		1A5CF390250235FE0095401B /* Frameworks */ = {
			isa = PBXGroup;
			children = (
			);
			name = Frameworks;
			sourceTree = "<group>";
		};
		1A5CF3AF25023D120095401B /* NigoHelpUtil */ = {
			isa = PBXGroup;
			children = (
				1A5CF3B025023D120095401B /* NigoHelpUtil.swift */,
			);
			name = NigoHelpUtil;
			path = Sources/NigoHelpUtil;
			sourceTree = "<group>";
		};
		OBJ_10 /* Tests */ = {
			isa = PBXGroup;
			children = (
				OBJ_11 /* NigoHelpUtilTests */,
			);
			name = Tests;
			sourceTree = SOURCE_ROOT;
		};
		OBJ_11 /* NigoHelpUtilTests */ = {
			isa = PBXGroup;
			children = (
				OBJ_12 /* NigoHelpUtilTests.swift */,
				OBJ_13 /* XCTestManifests.swift */,
			);
			name = NigoHelpUtilTests;
			path = Tests/NigoHelpUtilTests;
			sourceTree = SOURCE_ROOT;
		};
		OBJ_14 /* Products */ = {
			isa = PBXGroup;
			children = (
				"NigoHelpUtil::NigoHelpUtil::Product" /* NigoHelpUtil.framework */,
				"NigoHelpUtil::NigoHelpUtilTests::Product" /* NigoHelpUtilTests.xctest */,
				1A5CF37C250235E90095401B /* Demo.app */,
			);
			name = Products;
			sourceTree = BUILT_PRODUCTS_DIR;
		};
		OBJ_5 /*  */ = {
			isa = PBXGroup;
			children = (
				OBJ_6 /* Package.swift */,
				OBJ_7 /* Sources */,
				OBJ_10 /* Tests */,
				1A5CF37D250235E90095401B /* Demo */,
				OBJ_14 /* Products */,
				1A5CF390250235FE0095401B /* Frameworks */,
			);
			name = "";
			sourceTree = "<group>";
		};
		OBJ_7 /* Sources */ = {
			isa = PBXGroup;
			children = (
				1A5CF3AF25023D120095401B /* NigoHelpUtil */,
				1A5CF3AC25023D120095401B /* Date+Util.swift */,
				1A5CF3B725023D130095401B /* NSObject+AssociatedUtil.swift */,
				1A5CF3AE25023D120095401B /* Number+Util.swift */,
				1A5CF3B625023D130095401B /* String+Util.swift */,
				1A5CF3AD25023D120095401B /* UIApplication+Util.swift */,
				1A5CF3B125023D120095401B /* UIColor+Util.swift */,
				1A5CF3B225023D120095401B /* UIDevice+Info.swift */,
				1A5CF3B525023D120095401B /* UIImage+Util.swift */,
				1A5CF3B325023D120095401B /* UIView+AnimationUtil.swift */,
				1A5CF3B425023D120095401B /* UIView+IB.swift */,
			);
			name = Sources;
			sourceTree = SOURCE_ROOT;
		};
/* End PBXGroup section */

/* Begin PBXNativeTarget section */
		1A5CF37B250235E90095401B /* Demo */ = {
			isa = PBXNativeTarget;
			buildConfigurationList = 1A5CF38F250235EC0095401B /* Build configuration list for PBXNativeTarget "Demo" */;
			buildPhases = (
				1A5CF378250235E90095401B /* Sources */,
				1A5CF379250235E90095401B /* Frameworks */,
				1A5CF37A250235E90095401B /* Resources */,
			);
			buildRules = (
			);
			dependencies = (
				1A5CF394250235FE0095401B /* PBXTargetDependency */,
			);
			name = Demo;
			productName = Demo;
			productReference = 1A5CF37C250235E90095401B /* Demo.app */;
			productType = "com.apple.product-type.application";
		};
		"NigoHelpUtil::NigoHelpUtil" /* NigoHelpUtil */ = {
			isa = PBXNativeTarget;
			buildConfigurationList = OBJ_18 /* Build configuration list for PBXNativeTarget "NigoHelpUtil" */;
			buildPhases = (
				OBJ_21 /* Sources */,
				OBJ_23 /* Frameworks */,
			);
			buildRules = (
			);
			dependencies = (
			);
			name = NigoHelpUtil;
			productName = NigoHelpUtil;
			productReference = "NigoHelpUtil::NigoHelpUtil::Product" /* NigoHelpUtil.framework */;
			productType = "com.apple.product-type.framework";
		};
		"NigoHelpUtil::NigoHelpUtilTests" /* NigoHelpUtilTests */ = {
			isa = PBXNativeTarget;
			buildConfigurationList = OBJ_36 /* Build configuration list for PBXNativeTarget "NigoHelpUtilTests" */;
			buildPhases = (
				OBJ_39 /* Sources */,
				OBJ_42 /* Frameworks */,
			);
			buildRules = (
			);
			dependencies = (
				OBJ_44 /* PBXTargetDependency */,
			);
			name = NigoHelpUtilTests;
			productName = NigoHelpUtilTests;
			productReference = "NigoHelpUtil::NigoHelpUtilTests::Product" /* NigoHelpUtilTests.xctest */;
			productType = "com.apple.product-type.bundle.unit-test";
		};
		"NigoHelpUtil::SwiftPMPackageDescription" /* NigoHelpUtilPackageDescription */ = {
			isa = PBXNativeTarget;
			buildConfigurationList = OBJ_25 /* Build configuration list for PBXNativeTarget "NigoHelpUtilPackageDescription" */;
			buildPhases = (
				OBJ_28 /* Sources */,
			);
			buildRules = (
			);
			dependencies = (
			);
			name = NigoHelpUtilPackageDescription;
			productName = NigoHelpUtilPackageDescription;
			productType = "com.apple.product-type.framework";
		};
/* End PBXNativeTarget section */

/* Begin PBXProject section */
		OBJ_1 /* Project object */ = {
			isa = PBXProject;
			attributes = {
				LastSwiftMigration = 9999;
				LastSwiftUpdateCheck = 1160;
				LastUpgradeCheck = 9999;
				TargetAttributes = {
					1A5CF37B250235E90095401B = {
						CreatedOnToolsVersion = 11.6;
						ProvisioningStyle = Automatic;
					};
					"NigoHelpUtil::NigoHelpUtil" = {
						LastSwiftMigration = 1160;
						ProvisioningStyle = Automatic;
					};
				};
			};
			buildConfigurationList = OBJ_2 /* Build configuration list for PBXProject "NigoHelpUtil" */;
			compatibilityVersion = "Xcode 3.2";
			developmentRegion = en;
			hasScannedForEncodings = 0;
			knownRegions = (
				en,
				Base,
			);
			mainGroup = OBJ_5 /*  */;
			productRefGroup = OBJ_14 /* Products */;
			projectDirPath = "";
			projectRoot = "";
			targets = (
				"NigoHelpUtil::NigoHelpUtil" /* NigoHelpUtil */,
				"NigoHelpUtil::SwiftPMPackageDescription" /* NigoHelpUtilPackageDescription */,
				"NigoHelpUtil::NigoHelpUtilPackageTests::ProductTarget" /* NigoHelpUtilPackageTests */,
				"NigoHelpUtil::NigoHelpUtilTests" /* NigoHelpUtilTests */,
				1A5CF37B250235E90095401B /* Demo */,
			);
		};
/* End PBXProject section */

/* Begin PBXResourcesBuildPhase section */
		1A5CF37A250235E90095401B /* Resources */ = {
			isa = PBXResourcesBuildPhase;
			buildActionMask = 2147483647;
			files = (
				1A5CF38B250235EC0095401B /* LaunchScreen.storyboard in Resources */,
				1A5CF388250235EC0095401B /* Assets.xcassets in Resources */,
				1A5CF386250235E90095401B /* Main.storyboard in Resources */,
			);
			runOnlyForDeploymentPostprocessing = 0;
		};
/* End PBXResourcesBuildPhase section */

/* Begin PBXSourcesBuildPhase section */
		1A5CF378250235E90095401B /* Sources */ = {
			isa = PBXSourcesBuildPhase;
			buildActionMask = 2147483647;
			files = (
				1A5CF383250235E90095401B /* ViewController.swift in Sources */,
				1A5CF37F250235E90095401B /* AppDelegate.swift in Sources */,
				1A5CF381250235E90095401B /* SceneDelegate.swift in Sources */,
			);
			runOnlyForDeploymentPostprocessing = 0;
		};
		OBJ_21 /* Sources */ = {
			isa = PBXSourcesBuildPhase;
			buildActionMask = 0;
			files = (
				1A5CF3B925023D130095401B /* UIApplication+Util.swift in Sources */,
				1A5CF3BF25023D130095401B /* UIView+IB.swift in Sources */,
				1A5CF3C125023D130095401B /* String+Util.swift in Sources */,
				1A5CF3BC25023D130095401B /* UIColor+Util.swift in Sources */,
				1A5CF3BB25023D130095401B /* NigoHelpUtil.swift in Sources */,
				1A5CF3B825023D130095401B /* Date+Util.swift in Sources */,
				1A5CF3BE25023D130095401B /* UIView+AnimationUtil.swift in Sources */,
				1A5CF3C225023D130095401B /* NSObject+AssociatedUtil.swift in Sources */,
				1A5CF3BA25023D130095401B /* Number+Util.swift in Sources */,
				1A5CF3BD25023D130095401B /* UIDevice+Info.swift in Sources */,
				1A5CF3C025023D130095401B /* UIImage+Util.swift in Sources */,
			);
			runOnlyForDeploymentPostprocessing = 0;
		};
		OBJ_28 /* Sources */ = {
			isa = PBXSourcesBuildPhase;
			buildActionMask = 0;
			files = (
				OBJ_29 /* Package.swift in Sources */,
			);
			runOnlyForDeploymentPostprocessing = 0;
		};
		OBJ_39 /* Sources */ = {
			isa = PBXSourcesBuildPhase;
			buildActionMask = 0;
			files = (
				OBJ_40 /* NigoHelpUtilTests.swift in Sources */,
				OBJ_41 /* XCTestManifests.swift in Sources */,
			);
			runOnlyForDeploymentPostprocessing = 0;
		};
/* End PBXSourcesBuildPhase section */

/* Begin PBXTargetDependency section */
		1A5CF394250235FE0095401B /* PBXTargetDependency */ = {
			isa = PBXTargetDependency;
			target = "NigoHelpUtil::NigoHelpUtil" /* NigoHelpUtil */;
			targetProxy = 1A5CF393250235FE0095401B /* PBXContainerItemProxy */;
		};
		OBJ_34 /* PBXTargetDependency */ = {
			isa = PBXTargetDependency;
			target = "NigoHelpUtil::NigoHelpUtilTests" /* NigoHelpUtilTests */;
			targetProxy = 1A5CF377250235A90095401B /* PBXContainerItemProxy */;
		};
		OBJ_44 /* PBXTargetDependency */ = {
			isa = PBXTargetDependency;
			target = "NigoHelpUtil::NigoHelpUtil" /* NigoHelpUtil */;
			targetProxy = 1A5CF376250235A80095401B /* PBXContainerItemProxy */;
		};
/* End PBXTargetDependency section */

/* Begin PBXVariantGroup section */
		1A5CF384250235E90095401B /* Main.storyboard */ = {
			isa = PBXVariantGroup;
			children = (
				1A5CF385250235E90095401B /* Base */,
			);
			name = Main.storyboard;
			sourceTree = "<group>";
		};
		1A5CF389250235EC0095401B /* LaunchScreen.storyboard */ = {
			isa = PBXVariantGroup;
			children = (
				1A5CF38A250235EC0095401B /* Base */,
			);
			name = LaunchScreen.storyboard;
			sourceTree = "<group>";
		};
/* End PBXVariantGroup section */

/* Begin XCBuildConfiguration section */
		1A5CF38D250235EC0095401B /* Debug */ = {
			isa = XCBuildConfiguration;
			buildSettings = {
				ALWAYS_SEARCH_USER_PATHS = NO;
				ASSETCATALOG_COMPILER_APPICON_NAME = AppIcon;
				CLANG_ANALYZER_NONNULL = YES;
				CLANG_ANALYZER_NUMBER_OBJECT_CONVERSION = YES_AGGRESSIVE;
				CLANG_CXX_LANGUAGE_STANDARD = "gnu++14";
				CLANG_CXX_LIBRARY = "libc++";
				CLANG_ENABLE_MODULES = YES;
				CLANG_ENABLE_OBJC_WEAK = YES;
				CLANG_WARN_BLOCK_CAPTURE_AUTORELEASING = YES;
				CLANG_WARN_BOOL_CONVERSION = YES;
				CLANG_WARN_COMMA = YES;
				CLANG_WARN_CONSTANT_CONVERSION = YES;
				CLANG_WARN_DEPRECATED_OBJC_IMPLEMENTATIONS = YES;
				CLANG_WARN_DIRECT_OBJC_ISA_USAGE = YES_ERROR;
				CLANG_WARN_DOCUMENTATION_COMMENTS = YES;
				CLANG_WARN_EMPTY_BODY = YES;
				CLANG_WARN_ENUM_CONVERSION = YES;
				CLANG_WARN_INFINITE_RECURSION = YES;
				CLANG_WARN_INT_CONVERSION = YES;
				CLANG_WARN_NON_LITERAL_NULL_CONVERSION = YES;
				CLANG_WARN_OBJC_IMPLICIT_RETAIN_SELF = YES;
				CLANG_WARN_OBJC_LITERAL_CONVERSION = YES;
				CLANG_WARN_OBJC_ROOT_CLASS = YES_ERROR;
				CLANG_WARN_RANGE_LOOP_ANALYSIS = YES;
				CLANG_WARN_STRICT_PROTOTYPES = YES;
				CLANG_WARN_SUSPICIOUS_MOVE = YES;
				CLANG_WARN_UNGUARDED_AVAILABILITY = YES_AGGRESSIVE;
				CLANG_WARN_UNREACHABLE_CODE = YES;
				CLANG_WARN__DUPLICATE_METHOD_MATCH = YES;
				CODE_SIGN_STYLE = Automatic;
				DEVELOPMENT_TEAM = "";
				ENABLE_STRICT_OBJC_MSGSEND = YES;
				ENABLE_TESTABILITY = YES;
				GCC_C_LANGUAGE_STANDARD = gnu11;
				GCC_DYNAMIC_NO_PIC = NO;
				GCC_NO_COMMON_BLOCKS = YES;
				GCC_PREPROCESSOR_DEFINITIONS = (
					"DEBUG=1",
					"$(inherited)",
				);
				GCC_WARN_64_TO_32_BIT_CONVERSION = YES;
				GCC_WARN_ABOUT_RETURN_TYPE = YES_ERROR;
				GCC_WARN_UNDECLARED_SELECTOR = YES;
				GCC_WARN_UNINITIALIZED_AUTOS = YES_AGGRESSIVE;
				GCC_WARN_UNUSED_FUNCTION = YES;
				GCC_WARN_UNUSED_VARIABLE = YES;
				INFOPLIST_FILE = Demo/Info.plist;
				IPHONEOS_DEPLOYMENT_TARGET = 13.6;
				LD_RUNPATH_SEARCH_PATHS = "$(inherited) @executable_path/Frameworks";
				MTL_ENABLE_DEBUG_INFO = INCLUDE_SOURCE;
				MTL_FAST_MATH = YES;
				PRODUCT_BUNDLE_IDENTIFIER = nigo.Demo;
				PRODUCT_NAME = "$(TARGET_NAME)";
				SDKROOT = iphoneos;
				SWIFT_ACTIVE_COMPILATION_CONDITIONS = DEBUG;
				SWIFT_VERSION = 5.0;
				TARGETED_DEVICE_FAMILY = "1,2";
			};
			name = Debug;
		};
		1A5CF38E250235EC0095401B /* Release */ = {
			isa = XCBuildConfiguration;
			buildSettings = {
				ALWAYS_SEARCH_USER_PATHS = NO;
				ASSETCATALOG_COMPILER_APPICON_NAME = AppIcon;
				CLANG_ANALYZER_NONNULL = YES;
				CLANG_ANALYZER_NUMBER_OBJECT_CONVERSION = YES_AGGRESSIVE;
				CLANG_CXX_LANGUAGE_STANDARD = "gnu++14";
				CLANG_CXX_LIBRARY = "libc++";
				CLANG_ENABLE_MODULES = YES;
				CLANG_ENABLE_OBJC_WEAK = YES;
				CLANG_WARN_BLOCK_CAPTURE_AUTORELEASING = YES;
				CLANG_WARN_BOOL_CONVERSION = YES;
				CLANG_WARN_COMMA = YES;
				CLANG_WARN_CONSTANT_CONVERSION = YES;
				CLANG_WARN_DEPRECATED_OBJC_IMPLEMENTATIONS = YES;
				CLANG_WARN_DIRECT_OBJC_ISA_USAGE = YES_ERROR;
				CLANG_WARN_DOCUMENTATION_COMMENTS = YES;
				CLANG_WARN_EMPTY_BODY = YES;
				CLANG_WARN_ENUM_CONVERSION = YES;
				CLANG_WARN_INFINITE_RECURSION = YES;
				CLANG_WARN_INT_CONVERSION = YES;
				CLANG_WARN_NON_LITERAL_NULL_CONVERSION = YES;
				CLANG_WARN_OBJC_IMPLICIT_RETAIN_SELF = YES;
				CLANG_WARN_OBJC_LITERAL_CONVERSION = YES;
				CLANG_WARN_OBJC_ROOT_CLASS = YES_ERROR;
				CLANG_WARN_RANGE_LOOP_ANALYSIS = YES;
				CLANG_WARN_STRICT_PROTOTYPES = YES;
				CLANG_WARN_SUSPICIOUS_MOVE = YES;
				CLANG_WARN_UNGUARDED_AVAILABILITY = YES_AGGRESSIVE;
				CLANG_WARN_UNREACHABLE_CODE = YES;
				CLANG_WARN__DUPLICATE_METHOD_MATCH = YES;
				CODE_SIGN_STYLE = Automatic;
				COPY_PHASE_STRIP = NO;
				DEVELOPMENT_TEAM = "";
				ENABLE_NS_ASSERTIONS = NO;
				ENABLE_STRICT_OBJC_MSGSEND = YES;
				GCC_C_LANGUAGE_STANDARD = gnu11;
				GCC_NO_COMMON_BLOCKS = YES;
				GCC_WARN_64_TO_32_BIT_CONVERSION = YES;
				GCC_WARN_ABOUT_RETURN_TYPE = YES_ERROR;
				GCC_WARN_UNDECLARED_SELECTOR = YES;
				GCC_WARN_UNINITIALIZED_AUTOS = YES_AGGRESSIVE;
				GCC_WARN_UNUSED_FUNCTION = YES;
				GCC_WARN_UNUSED_VARIABLE = YES;
				INFOPLIST_FILE = Demo/Info.plist;
				IPHONEOS_DEPLOYMENT_TARGET = 13.6;
				LD_RUNPATH_SEARCH_PATHS = "$(inherited) @executable_path/Frameworks";
				MTL_ENABLE_DEBUG_INFO = NO;
				MTL_FAST_MATH = YES;
				PRODUCT_BUNDLE_IDENTIFIER = nigo.Demo;
				PRODUCT_NAME = "$(TARGET_NAME)";
				SDKROOT = iphoneos;
				SWIFT_VERSION = 5.0;
				TARGETED_DEVICE_FAMILY = "1,2";
				VALIDATE_PRODUCT = YES;
			};
			name = Release;
		};
		OBJ_19 /* Debug */ = {
			isa = XCBuildConfiguration;
			buildSettings = {
				CLANG_ENABLE_MODULES = YES;
				CODE_SIGN_IDENTITY = "Apple Development";
				CODE_SIGN_STYLE = Automatic;
				DEFINES_MODULE = YES;
				DEVELOPMENT_TEAM = "";
				ENABLE_TESTABILITY = YES;
				FRAMEWORK_SEARCH_PATHS = (
					"$(inherited)",
					"$(PLATFORM_DIR)/Developer/Library/Frameworks",
				);
				HEADER_SEARCH_PATHS = "$(inherited)";
				INFOPLIST_FILE = NigoHelpUtil.xcodeproj/NigoHelpUtil_Info.plist;
				IPHONEOS_DEPLOYMENT_TARGET = 8.0;
				LD_RUNPATH_SEARCH_PATHS = "$(inherited) $(TOOLCHAIN_DIR)/usr/lib/swift/macosx";
				MACOSX_DEPLOYMENT_TARGET = 10.10;
				OTHER_CFLAGS = "$(inherited)";
				OTHER_LDFLAGS = "$(inherited)";
				OTHER_SWIFT_FLAGS = "$(inherited)";
				PRODUCT_BUNDLE_IDENTIFIER = NigoHelpUtil;
				PRODUCT_MODULE_NAME = "$(TARGET_NAME:c99extidentifier)";
				PRODUCT_NAME = "$(TARGET_NAME:c99extidentifier)";
				PROVISIONING_PROFILE_SPECIFIER = "";
				SKIP_INSTALL = YES;
				SWIFT_ACTIVE_COMPILATION_CONDITIONS = "$(inherited)";
				SWIFT_OPTIMIZATION_LEVEL = "-Onone";
				SWIFT_VERSION = 5.0;
				TARGET_NAME = NigoHelpUtil;
				TVOS_DEPLOYMENT_TARGET = 9.0;
				WATCHOS_DEPLOYMENT_TARGET = 2.0;
			};
			name = Debug;
		};
		OBJ_20 /* Release */ = {
			isa = XCBuildConfiguration;
			buildSettings = {
				CLANG_ENABLE_MODULES = YES;
				CODE_SIGN_IDENTITY = "Apple Development";
				CODE_SIGN_STYLE = Automatic;
				DEFINES_MODULE = YES;
				DEVELOPMENT_TEAM = "";
				ENABLE_TESTABILITY = YES;
				FRAMEWORK_SEARCH_PATHS = (
					"$(inherited)",
					"$(PLATFORM_DIR)/Developer/Library/Frameworks",
				);
				HEADER_SEARCH_PATHS = "$(inherited)";
				INFOPLIST_FILE = NigoHelpUtil.xcodeproj/NigoHelpUtil_Info.plist;
				IPHONEOS_DEPLOYMENT_TARGET = 8.0;
				LD_RUNPATH_SEARCH_PATHS = "$(inherited) $(TOOLCHAIN_DIR)/usr/lib/swift/macosx";
				MACOSX_DEPLOYMENT_TARGET = 10.10;
				OTHER_CFLAGS = "$(inherited)";
				OTHER_LDFLAGS = "$(inherited)";
				OTHER_SWIFT_FLAGS = "$(inherited)";
				PRODUCT_BUNDLE_IDENTIFIER = NigoHelpUtil;
				PRODUCT_MODULE_NAME = "$(TARGET_NAME:c99extidentifier)";
				PRODUCT_NAME = "$(TARGET_NAME:c99extidentifier)";
				PROVISIONING_PROFILE_SPECIFIER = "";
				SKIP_INSTALL = YES;
				SWIFT_ACTIVE_COMPILATION_CONDITIONS = "$(inherited)";
				SWIFT_VERSION = 5.0;
				TARGET_NAME = NigoHelpUtil;
				TVOS_DEPLOYMENT_TARGET = 9.0;
				WATCHOS_DEPLOYMENT_TARGET = 2.0;
			};
			name = Release;
		};
		OBJ_26 /* Debug */ = {
			isa = XCBuildConfiguration;
			buildSettings = {
				LD = /usr/bin/true;
				OTHER_SWIFT_FLAGS = "-swift-version 5 -I $(TOOLCHAIN_DIR)/usr/lib/swift/pm/4_2 -target x86_64-apple-macosx10.10 -sdk /Applications/Xcode.app/Contents/Developer/Platforms/MacOSX.platform/Developer/SDKs/MacOSX10.15.sdk -package-description-version 5.2.0";
				SWIFT_VERSION = 5.0;
			};
			name = Debug;
		};
		OBJ_27 /* Release */ = {
			isa = XCBuildConfiguration;
			buildSettings = {
				LD = /usr/bin/true;
				OTHER_SWIFT_FLAGS = "-swift-version 5 -I $(TOOLCHAIN_DIR)/usr/lib/swift/pm/4_2 -target x86_64-apple-macosx10.10 -sdk /Applications/Xcode.app/Contents/Developer/Platforms/MacOSX.platform/Developer/SDKs/MacOSX10.15.sdk -package-description-version 5.2.0";
				SWIFT_VERSION = 5.0;
			};
			name = Release;
		};
		OBJ_3 /* Debug */ = {
			isa = XCBuildConfiguration;
			buildSettings = {
				CLANG_ENABLE_OBJC_ARC = YES;
				COMBINE_HIDPI_IMAGES = YES;
				COPY_PHASE_STRIP = NO;
				DEBUG_INFORMATION_FORMAT = dwarf;
				DYLIB_INSTALL_NAME_BASE = "@rpath";
				ENABLE_NS_ASSERTIONS = YES;
				GCC_OPTIMIZATION_LEVEL = 0;
				GCC_PREPROCESSOR_DEFINITIONS = (
					"$(inherited)",
					"SWIFT_PACKAGE=1",
					"DEBUG=1",
				);
				MACOSX_DEPLOYMENT_TARGET = 10.10;
				ONLY_ACTIVE_ARCH = YES;
				OTHER_SWIFT_FLAGS = "$(inherited) -DXcode";
				PRODUCT_NAME = "$(TARGET_NAME)";
				SDKROOT = macosx;
				SUPPORTED_PLATFORMS = "macosx iphoneos iphonesimulator appletvos appletvsimulator watchos watchsimulator";
				SWIFT_ACTIVE_COMPILATION_CONDITIONS = "$(inherited) SWIFT_PACKAGE DEBUG";
				SWIFT_OPTIMIZATION_LEVEL = "-Onone";
				USE_HEADERMAP = NO;
			};
			name = Debug;
		};
		OBJ_32 /* Debug */ = {
			isa = XCBuildConfiguration;
			buildSettings = {
			};
			name = Debug;
		};
		OBJ_33 /* Release */ = {
			isa = XCBuildConfiguration;
			buildSettings = {
			};
			name = Release;
		};
		OBJ_37 /* Debug */ = {
			isa = XCBuildConfiguration;
			buildSettings = {
				ALWAYS_EMBED_SWIFT_STANDARD_LIBRARIES = YES;
				CLANG_ENABLE_MODULES = YES;
				EMBEDDED_CONTENT_CONTAINS_SWIFT = YES;
				FRAMEWORK_SEARCH_PATHS = (
					"$(inherited)",
					"$(PLATFORM_DIR)/Developer/Library/Frameworks",
				);
				HEADER_SEARCH_PATHS = "$(inherited)";
				INFOPLIST_FILE = NigoHelpUtil.xcodeproj/NigoHelpUtilTests_Info.plist;
				IPHONEOS_DEPLOYMENT_TARGET = 8.0;
				LD_RUNPATH_SEARCH_PATHS = "$(inherited) @loader_path/../Frameworks @loader_path/Frameworks";
				MACOSX_DEPLOYMENT_TARGET = 10.10;
				OTHER_CFLAGS = "$(inherited)";
				OTHER_LDFLAGS = "$(inherited)";
				OTHER_SWIFT_FLAGS = "$(inherited)";
				SWIFT_ACTIVE_COMPILATION_CONDITIONS = "$(inherited)";
				SWIFT_VERSION = 5.0;
				TARGET_NAME = NigoHelpUtilTests;
				TVOS_DEPLOYMENT_TARGET = 9.0;
				WATCHOS_DEPLOYMENT_TARGET = 2.0;
			};
			name = Debug;
		};
		OBJ_38 /* Release */ = {
			isa = XCBuildConfiguration;
			buildSettings = {
				ALWAYS_EMBED_SWIFT_STANDARD_LIBRARIES = YES;
				CLANG_ENABLE_MODULES = YES;
				EMBEDDED_CONTENT_CONTAINS_SWIFT = YES;
				FRAMEWORK_SEARCH_PATHS = (
					"$(inherited)",
					"$(PLATFORM_DIR)/Developer/Library/Frameworks",
				);
				HEADER_SEARCH_PATHS = "$(inherited)";
				INFOPLIST_FILE = NigoHelpUtil.xcodeproj/NigoHelpUtilTests_Info.plist;
				IPHONEOS_DEPLOYMENT_TARGET = 8.0;
				LD_RUNPATH_SEARCH_PATHS = "$(inherited) @loader_path/../Frameworks @loader_path/Frameworks";
				MACOSX_DEPLOYMENT_TARGET = 10.10;
				OTHER_CFLAGS = "$(inherited)";
				OTHER_LDFLAGS = "$(inherited)";
				OTHER_SWIFT_FLAGS = "$(inherited)";
				SWIFT_ACTIVE_COMPILATION_CONDITIONS = "$(inherited)";
				SWIFT_VERSION = 5.0;
				TARGET_NAME = NigoHelpUtilTests;
				TVOS_DEPLOYMENT_TARGET = 9.0;
				WATCHOS_DEPLOYMENT_TARGET = 2.0;
			};
			name = Release;
		};
		OBJ_4 /* Release */ = {
			isa = XCBuildConfiguration;
			buildSettings = {
				CLANG_ENABLE_OBJC_ARC = YES;
				COMBINE_HIDPI_IMAGES = YES;
				COPY_PHASE_STRIP = YES;
				DEBUG_INFORMATION_FORMAT = "dwarf-with-dsym";
				DYLIB_INSTALL_NAME_BASE = "@rpath";
				GCC_OPTIMIZATION_LEVEL = s;
				GCC_PREPROCESSOR_DEFINITIONS = (
					"$(inherited)",
					"SWIFT_PACKAGE=1",
				);
				MACOSX_DEPLOYMENT_TARGET = 10.10;
				OTHER_SWIFT_FLAGS = "$(inherited) -DXcode";
				PRODUCT_NAME = "$(TARGET_NAME)";
				SDKROOT = macosx;
				SUPPORTED_PLATFORMS = "macosx iphoneos iphonesimulator appletvos appletvsimulator watchos watchsimulator";
				SWIFT_ACTIVE_COMPILATION_CONDITIONS = "$(inherited) SWIFT_PACKAGE";
				SWIFT_OPTIMIZATION_LEVEL = "-Owholemodule";
				USE_HEADERMAP = NO;
			};
			name = Release;
		};
/* End XCBuildConfiguration section */

/* Begin XCConfigurationList section */
		1A5CF38F250235EC0095401B /* Build configuration list for PBXNativeTarget "Demo" */ = {
			isa = XCConfigurationList;
			buildConfigurations = (
				1A5CF38D250235EC0095401B /* Debug */,
				1A5CF38E250235EC0095401B /* Release */,
			);
			defaultConfigurationIsVisible = 0;
			defaultConfigurationName = Release;
		};
		OBJ_18 /* Build configuration list for PBXNativeTarget "NigoHelpUtil" */ = {
			isa = XCConfigurationList;
			buildConfigurations = (
				OBJ_19 /* Debug */,
				OBJ_20 /* Release */,
			);
			defaultConfigurationIsVisible = 0;
			defaultConfigurationName = Release;
		};
		OBJ_2 /* Build configuration list for PBXProject "NigoHelpUtil" */ = {
			isa = XCConfigurationList;
			buildConfigurations = (
				OBJ_3 /* Debug */,
				OBJ_4 /* Release */,
			);
			defaultConfigurationIsVisible = 0;
			defaultConfigurationName = Release;
		};
		OBJ_25 /* Build configuration list for PBXNativeTarget "NigoHelpUtilPackageDescription" */ = {
			isa = XCConfigurationList;
			buildConfigurations = (
				OBJ_26 /* Debug */,
				OBJ_27 /* Release */,
			);
			defaultConfigurationIsVisible = 0;
			defaultConfigurationName = Release;
		};
		OBJ_31 /* Build configuration list for PBXAggregateTarget "NigoHelpUtilPackageTests" */ = {
			isa = XCConfigurationList;
			buildConfigurations = (
				OBJ_32 /* Debug */,
				OBJ_33 /* Release */,
			);
			defaultConfigurationIsVisible = 0;
			defaultConfigurationName = Release;
		};
		OBJ_36 /* Build configuration list for PBXNativeTarget "NigoHelpUtilTests" */ = {
			isa = XCConfigurationList;
			buildConfigurations = (
				OBJ_37 /* Debug */,
				OBJ_38 /* Release */,
			);
			defaultConfigurationIsVisible = 0;
			defaultConfigurationName = Release;
		};
/* End XCConfigurationList section */
	};
	rootObject = OBJ_1 /* Project object */;
}
